# This file is automatically @generated by Cargo.
# It is not intended for manual editing.
[[package]]
name = "hex"
version = "0.4.0"
source = "registry+https://mirrors.ustc.edu.cn/crates.io-index/"

[[package]]
name = "parity-base58"
version = "0.1.0"
dependencies = [
 "hex 0.4.0 (registry+https://mirrors.ustc.edu.cn/crates.io-index/)",
]

[metadata]
"checksum hex 0.4.0 (registry+https://mirrors.ustc.edu.cn/crates.io-index/)" = "023b39be39e3a2da62a94feb433e91e8bcd37676fbc8bea371daf52b7a769a3e"
